
Microsoft Visual Studio Solution File, Format Version 12.00
# Visual Studio Version 17
VisualStudioVersion = 17.7.34221.43
MinimumVisualStudioVersion = 10.0.40219.1
Project("{FAE04EC0-301F-11D3-BF4B-00C04F79EFBC}") = "CS2Actions", "CS2Actions\CS2Actions.csproj", "{F599E36C-90CA-4D55-B0C4-8CECCA012F67}"
EndProject
Global
	GlobalSection(SolutionConfigurationPlatforms) = preSolution
		Debug|Any CPU = Debug|Any CPU
		Release|Any CPU = Release|Any CPU
	EndGlobalSection
	GlobalSection(ProjectConfigurationPlatforms) = postSolution
		{F599E36C-90CA-4D55-B0C4-8CECCA012F67}.Debug|Any CPU.ActiveCfg = Debug|Any CPU
		{F599E36C-90CA-4D55-B0C4-8CECCA012F67}.Debug|Any CPU.Build.0 = Debug|Any CPU
		{F599E36C-90CA-4D55-B0C4-8CECCA012F67}.Release|Any CPU.ActiveCfg = Release|Any CPU
		{F599E36C-90CA-4D55-B0C4-8CECCA012F67}.Release|Any CPU.Build.0 = Release|Any CPU
	EndGlobalSection
	GlobalSection(SolutionProperties) = preSolution
		HideSolutionNode = FALSE
	EndGlobalSection
	GlobalSection(ExtensibilityGlobals) = postSolution
		SolutionGuid = {4F7385CB-067B-4CF9-8D5B-0731F4C6C1F3}
	EndGlobalSection
EndGlobal
